
Microsoft Visual Studio Solution File, Format Version 12.00
# Visual Studio 2012
Project("{FAE04EC0-301F-11D3-BF4B-00C04F79EFBC}") = "VkCli", "VkCli.csproj", "{0412AAF2-E011-4CC1-A404-CB33612AC7CB}"
EndProject
Global
	GlobalSection(SolutionConfigurationPlatforms) = preSolution
		Debug|x86 = Debug|x86
		Release|x86 = Release|x86
	EndGlobalSection
	GlobalSection(ProjectConfigurationPlatforms) = postSolution
		{0412AAF2-E011-4CC1-A404-CB33612AC7CB}.Debug|x86.ActiveCfg = Debug|x86
		{0412AAF2-E011-4CC1-A404-CB33612AC7CB}.Debug|x86.Build.0 = Debug|x86
		{0412AAF2-E011-4CC1-A404-CB33612AC7CB}.Release|x86.ActiveCfg = Release|x86
		{0412AAF2-E011-4CC1-A404-CB33612AC7CB}.Release|x86.Build.0 = Release|x86
	EndGlobalSection
EndGlobal
